
Microsoft Visual Studio Solution File, Format Version 12.00
# Visual Studio Version 17
VisualStudioVersion = 17.2.32602.215
MinimumVisualStudioVersion = 10.0.40219.1
Project("{9A19103F-16F7-4668-BE54-9A1E7A4F7556}") = "Hafta5-Sercaniyili", "Hafta5-Sercaniyili\Hafta5-Sercaniyili.csproj", "{440F2074-882D-4C19-9474-EA6BFE80A97B}"
EndProject
Project("{FAE04EC0-301F-11D3-BF4B-00C04F79EFBC}") = "ConsumerWorker", "ConsumerWorker\ConsumerWorker.csproj", "{53581779-7102-4997-99B5-AFBCF930D71D}"
EndProject
Global
	GlobalSection(SolutionConfigurationPlatforms) = preSolution
		Debug|Any CPU = Debug|Any CPU
		Release|Any CPU = Release|Any CPU
	EndGlobalSection
	GlobalSection(ProjectConfigurationPlatforms) = postSolution
		{440F2074-882D-4C19-9474-EA6BFE80A97B}.Debug|Any CPU.ActiveCfg = Debug|Any CPU
		{440F2074-882D-4C19-9474-EA6BFE80A97B}.Debug|Any CPU.Build.0 = Debug|Any CPU
		{440F2074-882D-4C19-9474-EA6BFE80A97B}.Release|Any CPU.ActiveCfg = Release|Any CPU
		{440F2074-882D-4C19-9474-EA6BFE80A97B}.Release|Any CPU.Build.0 = Release|Any CPU
		{53581779-7102-4997-99B5-AFBCF930D71D}.Debug|Any CPU.ActiveCfg = Debug|Any CPU
		{53581779-7102-4997-99B5-AFBCF930D71D}.Debug|Any CPU.Build.0 = Debug|Any CPU
		{53581779-7102-4997-99B5-AFBCF930D71D}.Release|Any CPU.ActiveCfg = Release|Any CPU
		{53581779-7102-4997-99B5-AFBCF930D71D}.Release|Any CPU.Build.0 = Release|Any CPU
	EndGlobalSection
	GlobalSection(SolutionProperties) = preSolution
		HideSolutionNode = FALSE
	EndGlobalSection
	GlobalSection(ExtensibilityGlobals) = postSolution
		SolutionGuid = {A306EC8E-9FBF-4F96-9AA2-F0F99DC561DF}
	EndGlobalSection
EndGlobal
