
Microsoft Visual Studio Solution File, Format Version 12.00
# Visual Studio Version 17
VisualStudioVersion = 17.2.32516.85
MinimumVisualStudioVersion = 10.0.40219.1
Project("{FAE04EC0-301F-11D3-BF4B-00C04F79EFBC}") = "Hafta4-Sercanİyili", "Hafta4-Sercanİyili\Hafta4-Sercanİyili.csproj", "{7810011B-B91F-4930-B3E5-E8C48A92C2AF}"
EndProject
Global
	GlobalSection(SolutionConfigurationPlatforms) = preSolution
		Debug|Any CPU = Debug|Any CPU
		Release|Any CPU = Release|Any CPU
	EndGlobalSection
	GlobalSection(ProjectConfigurationPlatforms) = postSolution
		{7810011B-B91F-4930-B3E5-E8C48A92C2AF}.Debug|Any CPU.ActiveCfg = Debug|Any CPU
		{7810011B-B91F-4930-B3E5-E8C48A92C2AF}.Debug|Any CPU.Build.0 = Debug|Any CPU
		{7810011B-B91F-4930-B3E5-E8C48A92C2AF}.Release|Any CPU.ActiveCfg = Release|Any CPU
		{7810011B-B91F-4930-B3E5-E8C48A92C2AF}.Release|Any CPU.Build.0 = Release|Any CPU
	EndGlobalSection
	GlobalSection(SolutionProperties) = preSolution
		HideSolutionNode = FALSE
	EndGlobalSection
	GlobalSection(ExtensibilityGlobals) = postSolution
		SolutionGuid = {03F4E24B-1E7F-4BE7-ACAC-FAEA9E62A2B0}
	EndGlobalSection
EndGlobal
